// !$*UTF8*$!
{
	archiveVersion = 1;
	classes = {
	};
	objectVersion = 51;
	objects = {

/* Begin PBXBuildFile section */
		1802CEF622A81300000193B7 /* ImportExportHomeViewController.swift in Sources */ = {isa = PBXBuildFile; fileRef = 1802CEF522A81300000193B7 /* ImportExportHomeViewController.swift */; };
		1802CEF822A81696000193B7 /* ImportExportMenuViewController.swift in Sources */ = {isa = PBXBuildFile; fileRef = 1802CEF722A81696000193B7 /* ImportExportMenuViewController.swift */; };
		1802CEFA22A816FC000193B7 /* ImportExportNotificationViewController.swift in Sources */ = {isa = PBXBuildFile; fileRef = 1802CEF922A816FC000193B7 /* ImportExportNotificationViewController.swift */; };
		1887D46F22ADB8FC007AB29F /* LaunchScreenViewController.swift in Sources */ = {isa = PBXBuildFile; fileRef = 1887D46E22ADB8FC007AB29F /* LaunchScreenViewController.swift */; };
		1887D47122ADD7DA007AB29F /* MySegue.swift in Sources */ = {isa = PBXBuildFile; fileRef = 1887D47022ADD7DA007AB29F /* MySegue.swift */; };
		18E8F64122AAAAB700168594 /* CreateRequestViewController.swift in Sources */ = {isa = PBXBuildFile; fileRef = 18E8F64022AAAAB700168594 /* CreateRequestViewController.swift */; };
		18EAA2E7227336940054919D /* ApiMethods.swift in Sources */ = {isa = PBXBuildFile; fileRef = 18EAA2E5227336940054919D /* ApiMethods.swift */; };
		18EAA2E8227336940054919D /* Constants.swift in Sources */ = {isa = PBXBuildFile; fileRef = 18EAA2E6227336940054919D /* Constants.swift */; };
		18EAA2F0227358A70054919D /* TransportMenuViewController.swift in Sources */ = {isa = PBXBuildFile; fileRef = 18EAA2EF227358A70054919D /* TransportMenuViewController.swift */; };
		18FDA5A12263568500AE30A2 /* TransportNotificationViewController.swift in Sources */ = {isa = PBXBuildFile; fileRef = 18FDA5A02263568500AE30A2 /* TransportNotificationViewController.swift */; };
		18FDA5A32263585200AE30A2 /* TransportNotificationTableViewCell.swift in Sources */ = {isa = PBXBuildFile; fileRef = 18FDA5A22263585200AE30A2 /* TransportNotificationTableViewCell.swift */; };
		2E1E304BE338431422FC0871 /* Pods_project1STversion.framework in Frameworks */ = {isa = PBXBuildFile; fileRef = 3BC84AB8742BB01B1473275F /* Pods_project1STversion.framework */; };
		C402DDBA225FACB80099D103 /* ShowRequestViewController.swift in Sources */ = {isa = PBXBuildFile; fileRef = C402DDB9225FACB80099D103 /* ShowRequestViewController.swift */; };
		C402DDBD225FC2300099D103 /* Database.swift in Sources */ = {isa = PBXBuildFile; fileRef = C402DDBC225FC2300099D103 /* Database.swift */; };
		C406D41B2209F978000D9A35 /* LGButton.framework in Frameworks */ = {isa = PBXBuildFile; fileRef = C406D41A2209F978000D9A35 /* LGButton.framework */; };
		C419C8A022AD0D560043EBC9 /* TransportProfileViewController.swift in Sources */ = {isa = PBXBuildFile; fileRef = C419C89F22AD0D560043EBC9 /* TransportProfileViewController.swift */; };
		C4286DCD223E4D0D0037A459 /* VerificationCodeViewController.swift in Sources */ = {isa = PBXBuildFile; fileRef = C4286DCC223E4D0D0037A459 /* VerificationCodeViewController.swift */; };
		C431C7842200B3C4001AEDB8 /* AppDelegate.swift in Sources */ = {isa = PBXBuildFile; fileRef = C431C7832200B3C4001AEDB8 /* AppDelegate.swift */; };
		C431C7862200B3C4001AEDB8 /* SignInViewController.swift in Sources */ = {isa = PBXBuildFile; fileRef = C431C7852200B3C4001AEDB8 /* SignInViewController.swift */; };
		C431C7892200B3C4001AEDB8 /* Main.storyboard in Resources */ = {isa = PBXBuildFile; fileRef = C431C7872200B3C4001AEDB8 /* Main.storyboard */; };
		C431C78B2200B3C5001AEDB8 /* Assets.xcassets in Resources */ = {isa = PBXBuildFile; fileRef = C431C78A2200B3C5001AEDB8 /* Assets.xcassets */; };
		C431C78E2200B3C5001AEDB8 /* LaunchScreen.storyboard in Resources */ = {isa = PBXBuildFile; fileRef = C431C78C2200B3C5001AEDB8 /* LaunchScreen.storyboard */; };
		C447F60222A92C300083420A /* RequestDetaile.swift in Sources */ = {isa = PBXBuildFile; fileRef = C447F60122A92C300083420A /* RequestDetaile.swift */; };
		C45E9AF822B069FA00A28200 /* TransportNotificationClass.swift in Sources */ = {isa = PBXBuildFile; fileRef = C45E9AF722B069FA00A28200 /* TransportNotificationClass.swift */; };
		C49B09D9225DFD6100E3C771 /* Company.swift in Sources */ = {isa = PBXBuildFile; fileRef = C49B09D8225DFD6100E3C771 /* Company.swift */; };
		C4BB07F222493EB5008C0671 /* ConfirmNewPasswordViewController.swift in Sources */ = {isa = PBXBuildFile; fileRef = C4BB07F122493EB5008C0671 /* ConfirmNewPasswordViewController.swift */; };
		C4C265222260B3CE00C0211F /* RegisterViewController.swift in Sources */ = {isa = PBXBuildFile; fileRef = C4C265212260B3CE00C0211F /* RegisterViewController.swift */; };
		C4C265242260B40900C0211F /* SecondRegisterViewController.swift in Sources */ = {isa = PBXBuildFile; fileRef = C4C265232260B40900C0211F /* SecondRegisterViewController.swift */; };
		C4C265262260C07F00C0211F /* SetPasswordViewController.swift in Sources */ = {isa = PBXBuildFile; fileRef = C4C265252260C07F00C0211F /* SetPasswordViewController.swift */; };
		C4CB925F223D27BF0020172C /* GetUserByEmail.swift in Sources */ = {isa = PBXBuildFile; fileRef = C4CB925E223D27BF0020172C /* GetUserByEmail.swift */; };
		C4CB9261223D28B30020172C /* User.swift in Sources */ = {isa = PBXBuildFile; fileRef = C4CB9260223D28B30020172C /* User.swift */; };
		C4CB9264223D41BC0020172C /* TransportHomeViewController.swift in Sources */ = {isa = PBXBuildFile; fileRef = C4CB9263223D41BC0020172C /* TransportHomeViewController.swift */; };
		C4CB9266223D429D0020172C /* VerifyEmailViewController.swift in Sources */ = {isa = PBXBuildFile; fileRef = C4CB9265223D429D0020172C /* VerifyEmailViewController.swift */; };
/* End PBXBuildFile section */

/* Begin PBXFileReference section */
		1802CEF522A81300000193B7 /* ImportExportHomeViewController.swift */ = {isa = PBXFileReference; lastKnownFileType = sourcecode.swift; path = ImportExportHomeViewController.swift; sourceTree = "<group>"; };
		1802CEF722A81696000193B7 /* ImportExportMenuViewController.swift */ = {isa = PBXFileReference; lastKnownFileType = sourcecode.swift; path = ImportExportMenuViewController.swift; sourceTree = "<group>"; };
		1802CEF922A816FC000193B7 /* ImportExportNotificationViewController.swift */ = {isa = PBXFileReference; lastKnownFileType = sourcecode.swift; path = ImportExportNotificationViewController.swift; sourceTree = "<group>"; };
		1887D46E22ADB8FC007AB29F /* LaunchScreenViewController.swift */ = {isa = PBXFileReference; lastKnownFileType = sourcecode.swift; path = LaunchScreenViewController.swift; sourceTree = "<group>"; };
		1887D47022ADD7DA007AB29F /* MySegue.swift */ = {isa = PBXFileReference; lastKnownFileType = sourcecode.swift; path = MySegue.swift; sourceTree = "<group>"; };
		18BA528538B1FAB48A7BF2AB /* Pods-project1STversion.debug.xcconfig */ = {isa = PBXFileReference; includeInIndex = 1; lastKnownFileType = text.xcconfig; name = "Pods-project1STversion.debug.xcconfig"; path = "Pods/Target Support Files/Pods-project1STversion/Pods-project1STversion.debug.xcconfig"; sourceTree = "<group>"; };
		18E8F64022AAAAB700168594 /* CreateRequestViewController.swift */ = {isa = PBXFileReference; fileEncoding = 4; lastKnownFileType = sourcecode.swift; path = CreateRequestViewController.swift; sourceTree = "<group>"; };
		18EAA2E5227336940054919D /* ApiMethods.swift */ = {isa = PBXFileReference; lastKnownFileType = sourcecode.swift; path = ApiMethods.swift; sourceTree = "<group>"; };
		18EAA2E6227336940054919D /* Constants.swift */ = {isa = PBXFileReference; lastKnownFileType = sourcecode.swift; path = Constants.swift; sourceTree = "<group>"; };
		18EAA2EF227358A70054919D /* TransportMenuViewController.swift */ = {isa = PBXFileReference; lastKnownFileType = sourcecode.swift; path = TransportMenuViewController.swift; sourceTree = "<group>"; };
		18FDA5A02263568500AE30A2 /* TransportNotificationViewController.swift */ = {isa = PBXFileReference; lastKnownFileType = sourcecode.swift; path = TransportNotificationViewController.swift; sourceTree = "<group>"; };
		18FDA5A22263585200AE30A2 /* TransportNotificationTableViewCell.swift */ = {isa = PBXFileReference; lastKnownFileType = sourcecode.swift; path = TransportNotificationTableViewCell.swift; sourceTree = "<group>"; };
		3BC84AB8742BB01B1473275F /* Pods_project1STversion.framework */ = {isa = PBXFileReference; explicitFileType = wrapper.framework; includeInIndex = 0; path = Pods_project1STversion.framework; sourceTree = BUILT_PRODUCTS_DIR; };
		A27ACE572E458444D79F5A2D /* Pods-project1STversion.release.xcconfig */ = {isa = PBXFileReference; includeInIndex = 1; lastKnownFileType = text.xcconfig; name = "Pods-project1STversion.release.xcconfig"; path = "Pods/Target Support Files/Pods-project1STversion/Pods-project1STversion.release.xcconfig"; sourceTree = "<group>"; };
		C402DDB9225FACB80099D103 /* ShowRequestViewController.swift */ = {isa = PBXFileReference; lastKnownFileType = sourcecode.swift; path = ShowRequestViewController.swift; sourceTree = "<group>"; };
		C402DDBC225FC2300099D103 /* Database.swift */ = {isa = PBXFileReference; lastKnownFileType = sourcecode.swift; path = Database.swift; sourceTree = "<group>"; };
		C406D41A2209F978000D9A35 /* LGButton.framework */ = {isa = PBXFileReference; explicitFileType = wrapper.framework; path = LGButton.framework; sourceTree = BUILT_PRODUCTS_DIR; };
		C419C89F22AD0D560043EBC9 /* TransportProfileViewController.swift */ = {isa = PBXFileReference; lastKnownFileType = sourcecode.swift; path = TransportProfileViewController.swift; sourceTree = "<group>"; };
		C4286DCC223E4D0D0037A459 /* VerificationCodeViewController.swift */ = {isa = PBXFileReference; lastKnownFileType = sourcecode.swift; path = VerificationCodeViewController.swift; sourceTree = "<group>"; };
		C431C7802200B3C4001AEDB8 /* project1STversion.app */ = {isa = PBXFileReference; explicitFileType = wrapper.application; includeInIndex = 0; path = project1STversion.app; sourceTree = BUILT_PRODUCTS_DIR; };
		C431C7832200B3C4001AEDB8 /* AppDelegate.swift */ = {isa = PBXFileReference; lastKnownFileType = sourcecode.swift; path = AppDelegate.swift; sourceTree = "<group>"; };
		C431C7852200B3C4001AEDB8 /* SignInViewController.swift */ = {isa = PBXFileReference; lastKnownFileType = sourcecode.swift; path = SignInViewController.swift; sourceTree = "<group>"; };
		C431C7882200B3C4001AEDB8 /* Base */ = {isa = PBXFileReference; lastKnownFileType = file.storyboard; name = Base; path = Base.lproj/Main.storyboard; sourceTree = "<group>"; };
		C431C78A2200B3C5001AEDB8 /* Assets.xcassets */ = {isa = PBXFileReference; lastKnownFileType = folder.assetcatalog; path = Assets.xcassets; sourceTree = "<group>"; };
		C431C78D2200B3C5001AEDB8 /* Base */ = {isa = PBXFileReference; lastKnownFileType = file.storyboard; name = Base; path = Base.lproj/LaunchScreen.storyboard; sourceTree = "<group>"; };
		C431C78F2200B3C5001AEDB8 /* Info.plist */ = {isa = PBXFileReference; lastKnownFileType = text.plist.xml; path = Info.plist; sourceTree = "<group>"; };
		C447F60122A92C300083420A /* RequestDetaile.swift */ = {isa = PBXFileReference; lastKnownFileType = sourcecode.swift; path = RequestDetaile.swift; sourceTree = "<group>"; };
		C45E9AF722B069FA00A28200 /* TransportNotificationClass.swift */ = {isa = PBXFileReference; lastKnownFileType = sourcecode.swift; path = TransportNotificationClass.swift; sourceTree = "<group>"; };
		C49B09D8225DFD6100E3C771 /* Company.swift */ = {isa = PBXFileReference; lastKnownFileType = sourcecode.swift; path = Company.swift; sourceTree = "<group>"; };
		C4BB07F122493EB5008C0671 /* ConfirmNewPasswordViewController.swift */ = {isa = PBXFileReference; lastKnownFileType = sourcecode.swift; path = ConfirmNewPasswordViewController.swift; sourceTree = "<group>"; };
		C4C265212260B3CE00C0211F /* RegisterViewController.swift */ = {isa = PBXFileReference; lastKnownFileType = sourcecode.swift; path = RegisterViewController.swift; sourceTree = "<group>"; };
		C4C265232260B40900C0211F /* SecondRegisterViewController.swift */ = {isa = PBXFileReference; lastKnownFileType = sourcecode.swift; path = SecondRegisterViewController.swift; sourceTree = "<group>"; };
		C4C265252260C07F00C0211F /* SetPasswordViewController.swift */ = {isa = PBXFileReference; lastKnownFileType = sourcecode.swift; path = SetPasswordViewController.swift; sourceTree = "<group>"; };
		C4CB925E223D27BF0020172C /* GetUserByEmail.swift */ = {isa = PBXFileReference; lastKnownFileType = sourcecode.swift; path = GetUserByEmail.swift; sourceTree = "<group>"; };
		C4CB9260223D28B30020172C /* User.swift */ = {isa = PBXFileReference; lastKnownFileType = sourcecode.swift; path = User.swift; sourceTree = "<group>"; };
		C4CB9263223D41BC0020172C /* TransportHomeViewController.swift */ = {isa = PBXFileReference; lastKnownFileType = sourcecode.swift; path = TransportHomeViewController.swift; sourceTree = "<group>"; };
		C4CB9265223D429D0020172C /* VerifyEmailViewController.swift */ = {isa = PBXFileReference; lastKnownFileType = sourcecode.swift; path = VerifyEmailViewController.swift; sourceTree = "<group>"; };
/* End PBXFileReference section */

/* Begin PBXFrameworksBuildPhase section */
		C431C77D2200B3C4001AEDB8 /* Frameworks */ = {
			isa = PBXFrameworksBuildPhase;
			buildActionMask = 2147483647;
			files = (
				C406D41B2209F978000D9A35 /* LGButton.framework in Frameworks */,
				2E1E304BE338431422FC0871 /* Pods_project1STversion.framework in Frameworks */,
			);
			runOnlyForDeploymentPostprocessing = 0;
		};
/* End PBXFrameworksBuildPhase section */

/* Begin PBXGroup section */
		91CA2737645BFF3C32EC4872 /* Pods */ = {
			isa = PBXGroup;
			children = (
				18BA528538B1FAB48A7BF2AB /* Pods-project1STversion.debug.xcconfig */,
				A27ACE572E458444D79F5A2D /* Pods-project1STversion.release.xcconfig */,
			);
			name = Pods;
			sourceTree = "<group>";
		};
		C402DDBB225FC1B80099D103 /* Database */ = {
			isa = PBXGroup;
			children = (
				C402DDBC225FC2300099D103 /* Database.swift */,
			);
			path = Database;
			sourceTree = "<group>";
		};
		C431C7772200B3C4001AEDB8 = {
			isa = PBXGroup;
			children = (
				C431C7822200B3C4001AEDB8 /* project1STversion */,
				C431C7812200B3C4001AEDB8 /* Products */,
				F02E447CB318898A6B688C5D /* Frameworks */,
				91CA2737645BFF3C32EC4872 /* Pods */,
			);
			sourceTree = "<group>";
		};
		C431C7812200B3C4001AEDB8 /* Products */ = {
			isa = PBXGroup;
			children = (
				C431C7802200B3C4001AEDB8 /* project1STversion.app */,
			);
			name = Products;
			sourceTree = "<group>";
		};
		C431C7822200B3C4001AEDB8 /* project1STversion */ = {
			isa = PBXGroup;
			children = (
				C402DDBB225FC1B80099D103 /* Database */,
				C4E83717227331A800FDDE95 /* Api Helper */,
				C454D85C22455D49001856ED /* Controller */,
				C454D85B22455D39001856ED /* View */,
				C454D85A22455D22001856ED /* Model */,
				C431C7832200B3C4001AEDB8 /* AppDelegate.swift */,
				C431C7872200B3C4001AEDB8 /* Main.storyboard */,
				C431C78A2200B3C5001AEDB8 /* Assets.xcassets */,
				C431C78C2200B3C5001AEDB8 /* LaunchScreen.storyboard */,
				C431C78F2200B3C5001AEDB8 /* Info.plist */,
				1887D47022ADD7DA007AB29F /* MySegue.swift */,
			);
			path = project1STversion;
			sourceTree = "<group>";
		};
		C454D85A22455D22001856ED /* Model */ = {
			isa = PBXGroup;
			children = (
				C4CB9260223D28B30020172C /* User.swift */,
				C49B09D8225DFD6100E3C771 /* Company.swift */,
				C447F60122A92C300083420A /* RequestDetaile.swift */,
				C45E9AF722B069FA00A28200 /* TransportNotificationClass.swift */,
			);
			path = Model;
			sourceTree = "<group>";
		};
		C454D85B22455D39001856ED /* View */ = {
			isa = PBXGroup;
			children = (
				18E8F64022AAAAB700168594 /* CreateRequestViewController.swift */,
				C431C7852200B3C4001AEDB8 /* SignInViewController.swift */,
				C4C265232260B40900C0211F /* SecondRegisterViewController.swift */,
				C4C265212260B3CE00C0211F /* RegisterViewController.swift */,
				C4CB9265223D429D0020172C /* VerifyEmailViewController.swift */,
				C4BB07F122493EB5008C0671 /* ConfirmNewPasswordViewController.swift */,
				C4CB9263223D41BC0020172C /* TransportHomeViewController.swift */,
				C4286DCC223E4D0D0037A459 /* VerificationCodeViewController.swift */,
				C4C265252260C07F00C0211F /* SetPasswordViewController.swift */,
				18FDA5A02263568500AE30A2 /* TransportNotificationViewController.swift */,
				18FDA5A22263585200AE30A2 /* TransportNotificationTableViewCell.swift */,
				18EAA2EF227358A70054919D /* TransportMenuViewController.swift */,
				C402DDB9225FACB80099D103 /* ShowRequestViewController.swift */,
				1802CEF522A81300000193B7 /* ImportExportHomeViewController.swift */,
				1802CEF722A81696000193B7 /* ImportExportMenuViewController.swift */,
				1802CEF922A816FC000193B7 /* ImportExportNotificationViewController.swift */,
				C419C89F22AD0D560043EBC9 /* TransportProfileViewController.swift */,
				1887D46E22ADB8FC007AB29F /* LaunchScreenViewController.swift */,
			);
			path = View;
			sourceTree = "<group>";
		};
		C454D85C22455D49001856ED /* Controller */ = {
			isa = PBXGroup;
			children = (
				C4CB925E223D27BF0020172C /* GetUserByEmail.swift */,
			);
			path = Controller;
			sourceTree = "<group>";
		};
		C4E83717227331A800FDDE95 /* Api Helper */ = {
			isa = PBXGroup;
			children = (
				18EAA2E5227336940054919D /* ApiMethods.swift */,
				18EAA2E6227336940054919D /* Constants.swift */,
			);
			path = "Api Helper";
			sourceTree = "<group>";
		};
		F02E447CB318898A6B688C5D /* Frameworks */ = {
			isa = PBXGroup;
			children = (
				C406D41A2209F978000D9A35 /* LGButton.framework */,
				3BC84AB8742BB01B1473275F /* Pods_project1STversion.framework */,
			);
			name = Frameworks;
			sourceTree = "<group>";
		};
/* End PBXGroup section */

/* Begin PBXNativeTarget section */
		C431C77F2200B3C4001AEDB8 /* project1STversion */ = {
			isa = PBXNativeTarget;
			buildConfigurationList = C431C7922200B3C5001AEDB8 /* Build configuration list for PBXNativeTarget "project1STversion" */;
			buildPhases = (
				FCB26FD24E37CE3B331A3E48 /* [CP] Check Pods Manifest.lock */,
				C431C77C2200B3C4001AEDB8 /* Sources */,
				C431C77D2200B3C4001AEDB8 /* Frameworks */,
				C431C77E2200B3C4001AEDB8 /* Resources */,
				5786519C78F523520B1FD4B1 /* [CP] Embed Pods Frameworks */,
				F95A07AF2F61749B7A4BE5B4 /* [CP] Copy Pods Resources */,
			);
			buildRules = (
			);
			dependencies = (
			);
			name = project1STversion;
			productName = project1STversion;
			productReference = C431C7802200B3C4001AEDB8 /* project1STversion.app */;
			productType = "com.apple.product-type.application";
		};
/* End PBXNativeTarget section */

/* Begin PBXProject section */
		C431C7782200B3C4001AEDB8 /* Project object */ = {
			isa = PBXProject;
			attributes = {
				LastSwiftUpdateCheck = 1010;
				LastUpgradeCheck = 1010;
				ORGANIZATIONNAME = "Omar Kelany";
				TargetAttributes = {
					C431C77F2200B3C4001AEDB8 = {
						CreatedOnToolsVersion = 10.1;
						LastSwiftMigration = 1010;
					};
				};
			};
			buildConfigurationList = C431C77B2200B3C4001AEDB8 /* Build configuration list for PBXProject "project1STversion" */;
			compatibilityVersion = "Xcode 10.0";
			developmentRegion = en;
			hasScannedForEncodings = 0;
			knownRegions = (
				en,
				Base,
			);
			mainGroup = C431C7772200B3C4001AEDB8;
			productRefGroup = C431C7812200B3C4001AEDB8 /* Products */;
			projectDirPath = "";
			projectRoot = "";
			targets = (
				C431C77F2200B3C4001AEDB8 /* project1STversion */,
			);
		};
/* End PBXProject section */

/* Begin PBXResourcesBuildPhase section */
		C431C77E2200B3C4001AEDB8 /* Resources */ = {
			isa = PBXResourcesBuildPhase;
			buildActionMask = 2147483647;
			files = (
				C431C78E2200B3C5001AEDB8 /* LaunchScreen.storyboard in Resources */,
				C431C78B2200B3C5001AEDB8 /* Assets.xcassets in Resources */,
				C431C7892200B3C4001AEDB8 /* Main.storyboard in Resources */,
			);
			runOnlyForDeploymentPostprocessing = 0;
		};
/* End PBXResourcesBuildPhase section */

/* Begin PBXShellScriptBuildPhase section */
		5786519C78F523520B1FD4B1 /* [CP] Embed Pods Frameworks */ = {
			isa = PBXShellScriptBuildPhase;
			buildActionMask = 2147483647;
			files = (
			);
			inputFileListPaths = (
			);
			inputPaths = (
				"${SRCROOT}/Pods/Target Support Files/Pods-project1STversion/Pods-project1STversion-frameworks.sh",
				"${BUILT_PRODUCTS_DIR}/Alamofire/Alamofire.framework",
				"${BUILT_PRODUCTS_DIR}/DLRadioButton/DLRadioButton.framework",
				"${BUILT_PRODUCTS_DIR}/DropDown/DropDown.framework",
				"${BUILT_PRODUCTS_DIR}/GooglePlacesSearchController/GooglePlacesSearchController.framework",
				"${BUILT_PRODUCTS_DIR}/IQKeyboardManagerSwift/IQKeyboardManagerSwift.framework",
				"${BUILT_PRODUCTS_DIR}/Kingfisher/Kingfisher.framework",
				"${BUILT_PRODUCTS_DIR}/LGButton/LGButton.framework",
				"${BUILT_PRODUCTS_DIR}/SQLite.swift/SQLite.framework",
				"${BUILT_PRODUCTS_DIR}/SwiftyJSON/SwiftyJSON.framework",
			);
			name = "[CP] Embed Pods Frameworks";
			outputFileListPaths = (
			);
			outputPaths = (
				"${TARGET_BUILD_DIR}/${FRAMEWORKS_FOLDER_PATH}/Alamofire.framework",
				"${TARGET_BUILD_DIR}/${FRAMEWORKS_FOLDER_PATH}/DLRadioButton.framework",
				"${TARGET_BUILD_DIR}/${FRAMEWORKS_FOLDER_PATH}/DropDown.framework",
				"${TARGET_BUILD_DIR}/${FRAMEWORKS_FOLDER_PATH}/GooglePlacesSearchController.framework",
				"${TARGET_BUILD_DIR}/${FRAMEWORKS_FOLDER_PATH}/IQKeyboardManagerSwift.framework",
				"${TARGET_BUILD_DIR}/${FRAMEWORKS_FOLDER_PATH}/Kingfisher.framework",
				"${TARGET_BUILD_DIR}/${FRAMEWORKS_FOLDER_PATH}/LGButton.framework",
				"${TARGET_BUILD_DIR}/${FRAMEWORKS_FOLDER_PATH}/SQLite.framework",
				"${TARGET_BUILD_DIR}/${FRAMEWORKS_FOLDER_PATH}/SwiftyJSON.framework",
			);
			runOnlyForDeploymentPostprocessing = 0;
			shellPath = /bin/sh;
			shellScript = "\"${SRCROOT}/Pods/Target Support Files/Pods-project1STversion/Pods-project1STversion-frameworks.sh\"\n";
			showEnvVarsInLog = 0;
		};
		F95A07AF2F61749B7A4BE5B4 /* [CP] Copy Pods Resources */ = {
			isa = PBXShellScriptBuildPhase;
			buildActionMask = 2147483647;
			files = (
			);
			inputFileListPaths = (
			);
			inputPaths = (
				"${SRCROOT}/Pods/Target Support Files/Pods-project1STversion/Pods-project1STversion-resources.sh",
				"${PODS_ROOT}/GoogleMaps/Maps/Frameworks/GoogleMaps.framework/Resources/GoogleMaps.bundle",
				"${PODS_ROOT}/GooglePlaces/Frameworks/GooglePlaces.framework/Resources/GooglePlaces.bundle",
			);
			name = "[CP] Copy Pods Resources";
			outputFileListPaths = (
			);
			outputPaths = (
				"${TARGET_BUILD_DIR}/${UNLOCALIZED_RESOURCES_FOLDER_PATH}/GoogleMaps.bundle",
				"${TARGET_BUILD_DIR}/${UNLOCALIZED_RESOURCES_FOLDER_PATH}/GooglePlaces.bundle",
			);
			runOnlyForDeploymentPostprocessing = 0;
			shellPath = /bin/sh;
			shellScript = "\"${SRCROOT}/Pods/Target Support Files/Pods-project1STversion/Pods-project1STversion-resources.sh\"\n";
			showEnvVarsInLog = 0;
		};
		FCB26FD24E37CE3B331A3E48 /* [CP] Check Pods Manifest.lock */ = {
			isa = PBXShellScriptBuildPhase;
			buildActionMask = 2147483647;
			files = (
			);
			inputFileListPaths = (
			);
			inputPaths = (
				"${PODS_PODFILE_DIR_PATH}/Podfile.lock",
				"${PODS_ROOT}/Manifest.lock",
			);
			name = "[CP] Check Pods Manifest.lock";
			outputFileListPaths = (
			);
			outputPaths = (
				"$(DERIVED_FILE_DIR)/Pods-project1STversion-checkManifestLockResult.txt",
			);
			runOnlyForDeploymentPostprocessing = 0;
			shellPath = /bin/sh;
			shellScript = "diff \"${PODS_PODFILE_DIR_PATH}/Podfile.lock\" \"${PODS_ROOT}/Manifest.lock\" > /dev/null\nif [ $? != 0 ] ; then\n    # print error to STDERR\n    echo \"error: The sandbox is not in sync with the Podfile.lock. Run 'pod install' or update your CocoaPods installation.\" >&2\n    exit 1\nfi\n# This output is used by Xcode 'outputs' to avoid re-running this script phase.\necho \"SUCCESS\" > \"${SCRIPT_OUTPUT_FILE_0}\"\n";
			showEnvVarsInLog = 0;
		};
/* End PBXShellScriptBuildPhase section */

/* Begin PBXSourcesBuildPhase section */
		C431C77C2200B3C4001AEDB8 /* Sources */ = {
			isa = PBXSourcesBuildPhase;
			buildActionMask = 2147483647;
			files = (
				1802CEFA22A816FC000193B7 /* ImportExportNotificationViewController.swift in Sources */,
				C4CB9261223D28B30020172C /* User.swift in Sources */,
				18EAA2E7227336940054919D /* ApiMethods.swift in Sources */,
				C4CB9264223D41BC0020172C /* TransportHomeViewController.swift in Sources */,
				C402DDBD225FC2300099D103 /* Database.swift in Sources */,
				C4BB07F222493EB5008C0671 /* ConfirmNewPasswordViewController.swift in Sources */,
				C431C7862200B3C4001AEDB8 /* SignInViewController.swift in Sources */,
				C4286DCD223E4D0D0037A459 /* VerificationCodeViewController.swift in Sources */,
				C431C7842200B3C4001AEDB8 /* AppDelegate.swift in Sources */,
				C419C8A022AD0D560043EBC9 /* TransportProfileViewController.swift in Sources */,
				C4C265262260C07F00C0211F /* SetPasswordViewController.swift in Sources */,
				1887D47122ADD7DA007AB29F /* MySegue.swift in Sources */,
				18FDA5A12263568500AE30A2 /* TransportNotificationViewController.swift in Sources */,
				1802CEF822A81696000193B7 /* ImportExportMenuViewController.swift in Sources */,
				C45E9AF822B069FA00A28200 /* TransportNotificationClass.swift in Sources */,
				18E8F64122AAAAB700168594 /* CreateRequestViewController.swift in Sources */,
				1887D46F22ADB8FC007AB29F /* LaunchScreenViewController.swift in Sources */,
				C4C265222260B3CE00C0211F /* RegisterViewController.swift in Sources */,
				18FDA5A32263585200AE30A2 /* TransportNotificationTableViewCell.swift in Sources */,
				C49B09D9225DFD6100E3C771 /* Company.swift in Sources */,
				C4CB9266223D429D0020172C /* VerifyEmailViewController.swift in Sources */,
				C4CB925F223D27BF0020172C /* GetUserByEmail.swift in Sources */,
				C402DDBA225FACB80099D103 /* ShowRequestViewController.swift in Sources */,
				C447F60222A92C300083420A /* RequestDetaile.swift in Sources */,
				1802CEF622A81300000193B7 /* ImportExportHomeViewController.swift in Sources */,
				C4C265242260B40900C0211F /* SecondRegisterViewController.swift in Sources */,
				18EAA2E8227336940054919D /* Constants.swift in Sources */,
				18EAA2F0227358A70054919D /* TransportMenuViewController.swift in Sources */,
			);
			runOnlyForDeploymentPostprocessing = 0;
		};
/* End PBXSourcesBuildPhase section */

/* Begin PBXVariantGroup section */
		C431C7872200B3C4001AEDB8 /* Main.storyboard */ = {
			isa = PBXVariantGroup;
			children = (
				C431C7882200B3C4001AEDB8 /* Base */,
			);
			name = Main.storyboard;
			sourceTree = "<group>";
		};
		C431C78C2200B3C5001AEDB8 /* LaunchScreen.storyboard */ = {
			isa = PBXVariantGroup;
			children = (
				C431C78D2200B3C5001AEDB8 /* Base */,
			);
			name = LaunchScreen.storyboard;
			sourceTree = "<group>";
		};
/* End PBXVariantGroup section */

/* Begin XCBuildConfiguration section */
		C431C7902200B3C5001AEDB8 /* Debug */ = {
			isa = XCBuildConfiguration;
			buildSettings = {
				ALWAYS_SEARCH_USER_PATHS = NO;
				CLANG_ANALYZER_NONNULL = YES;
				CLANG_ANALYZER_NUMBER_OBJECT_CONVERSION = YES_AGGRESSIVE;
				CLANG_CXX_LANGUAGE_STANDARD = "gnu++14";
				CLANG_CXX_LIBRARY = "libc++";
				CLANG_ENABLE_MODULES = YES;
				CLANG_ENABLE_OBJC_ARC = YES;
				CLANG_ENABLE_OBJC_WEAK = YES;
				CLANG_WARN_BLOCK_CAPTURE_AUTORELEASING = YES;
				CLANG_WARN_BOOL_CONVERSION = YES;
				CLANG_WARN_COMMA = YES;
				CLANG_WARN_CONSTANT_CONVERSION = YES;
				CLANG_WARN_DEPRECATED_OBJC_IMPLEMENTATIONS = YES;
				CLANG_WARN_DIRECT_OBJC_ISA_USAGE = YES_ERROR;
				CLANG_WARN_DOCUMENTATION_COMMENTS = YES;
				CLANG_WARN_EMPTY_BODY = YES;
				CLANG_WARN_ENUM_CONVERSION = YES;
				CLANG_WARN_INFINITE_RECURSION = YES;
				CLANG_WARN_INT_CONVERSION = YES;
				CLANG_WARN_NON_LITERAL_NULL_CONVERSION = YES;
				CLANG_WARN_OBJC_IMPLICIT_RETAIN_SELF = YES;
				CLANG_WARN_OBJC_LITERAL_CONVERSION = YES;
				CLANG_WARN_OBJC_ROOT_CLASS = YES_ERROR;
				CLANG_WARN_RANGE_LOOP_ANALYSIS = YES;
				CLANG_WARN_STRICT_PROTOTYPES = YES;
				CLANG_WARN_SUSPICIOUS_MOVE = YES;
				CLANG_WARN_UNGUARDED_AVAILABILITY = YES_AGGRESSIVE;
				CLANG_WARN_UNREACHABLE_CODE = YES;
				CLANG_WARN__DUPLICATE_METHOD_MATCH = YES;
				CODE_SIGN_IDENTITY = "iPhone Developer";
				COPY_PHASE_STRIP = NO;
				DEBUG_INFORMATION_FORMAT = dwarf;
				ENABLE_STRICT_OBJC_MSGSEND = YES;
				ENABLE_TESTABILITY = YES;
				GCC_C_LANGUAGE_STANDARD = gnu11;
				GCC_DYNAMIC_NO_PIC = NO;
				GCC_NO_COMMON_BLOCKS = YES;
				GCC_OPTIMIZATION_LEVEL = 0;
				GCC_PREPROCESSOR_DEFINITIONS = (
					"DEBUG=1",
					"$(inherited)",
				);
				GCC_WARN_64_TO_32_BIT_CONVERSION = YES;
				GCC_WARN_ABOUT_RETURN_TYPE = YES_ERROR;
				GCC_WARN_UNDECLARED_SELECTOR = YES;
				GCC_WARN_UNINITIALIZED_AUTOS = YES_AGGRESSIVE;
				GCC_WARN_UNUSED_FUNCTION = YES;
				GCC_WARN_UNUSED_VARIABLE = YES;
				IPHONEOS_DEPLOYMENT_TARGET = 12.1;
				MTL_ENABLE_DEBUG_INFO = INCLUDE_SOURCE;
				MTL_FAST_MATH = YES;
				ONLY_ACTIVE_ARCH = YES;
				SDKROOT = iphoneos;
				SWIFT_ACTIVE_COMPILATION_CONDITIONS = DEBUG;
				SWIFT_OPTIMIZATION_LEVEL = "-Onone";
			};
			name = Debug;
		};
		C431C7912200B3C5001AEDB8 /* Release */ = {
			isa = XCBuildConfiguration;
			buildSettings = {
				ALWAYS_SEARCH_USER_PATHS = NO;
				CLANG_ANALYZER_NONNULL = YES;
				CLANG_ANALYZER_NUMBER_OBJECT_CONVERSION = YES_AGGRESSIVE;
				CLANG_CXX_LANGUAGE_STANDARD = "gnu++14";
				CLANG_CXX_LIBRARY = "libc++";
				CLANG_ENABLE_MODULES = YES;
				CLANG_ENABLE_OBJC_ARC = YES;
				CLANG_ENABLE_OBJC_WEAK = YES;
				CLANG_WARN_BLOCK_CAPTURE_AUTORELEASING = YES;
				CLANG_WARN_BOOL_CONVERSION = YES;
				CLANG_WARN_COMMA = YES;
				CLANG_WARN_CONSTANT_CONVERSION = YES;
				CLANG_WARN_DEPRECATED_OBJC_IMPLEMENTATIONS = YES;
				CLANG_WARN_DIRECT_OBJC_ISA_USAGE = YES_ERROR;
				CLANG_WARN_DOCUMENTATION_COMMENTS = YES;
				CLANG_WARN_EMPTY_BODY = YES;
				CLANG_WARN_ENUM_CONVERSION = YES;
				CLANG_WARN_INFINITE_RECURSION = YES;
				CLANG_WARN_INT_CONVERSION = YES;
				CLANG_WARN_NON_LITERAL_NULL_CONVERSION = YES;
				CLANG_WARN_OBJC_IMPLICIT_RETAIN_SELF = YES;
				CLANG_WARN_OBJC_LITERAL_CONVERSION = YES;
				CLANG_WARN_OBJC_ROOT_CLASS = YES_ERROR;
				CLANG_WARN_RANGE_LOOP_ANALYSIS = YES;
				CLANG_WARN_STRICT_PROTOTYPES = YES;
				CLANG_WARN_SUSPICIOUS_MOVE = YES;
				CLANG_WARN_UNGUARDED_AVAILABILITY = YES_AGGRESSIVE;
				CLANG_WARN_UNREACHABLE_CODE = YES;
				CLANG_WARN__DUPLICATE_METHOD_MATCH = YES;
				CODE_SIGN_IDENTITY = "iPhone Developer";
				COPY_PHASE_STRIP = NO;
				DEBUG_INFORMATION_FORMAT = "dwarf-with-dsym";
				ENABLE_NS_ASSERTIONS = NO;
				ENABLE_STRICT_OBJC_MSGSEND = YES;
				GCC_C_LANGUAGE_STANDARD = gnu11;
				GCC_NO_COMMON_BLOCKS = YES;
				GCC_WARN_64_TO_32_BIT_CONVERSION = YES;
				GCC_WARN_ABOUT_RETURN_TYPE = YES_ERROR;
				GCC_WARN_UNDECLARED_SELECTOR = YES;
				GCC_WARN_UNINITIALIZED_AUTOS = YES_AGGRESSIVE;
				GCC_WARN_UNUSED_FUNCTION = YES;
				GCC_WARN_UNUSED_VARIABLE = YES;
				IPHONEOS_DEPLOYMENT_TARGET = 12.1;
				MTL_ENABLE_DEBUG_INFO = NO;
				MTL_FAST_MATH = YES;
				SDKROOT = iphoneos;
				SWIFT_COMPILATION_MODE = wholemodule;
				SWIFT_OPTIMIZATION_LEVEL = "-O";
				VALIDATE_PRODUCT = YES;
			};
			name = Release;
		};
		C431C7932200B3C5001AEDB8 /* Debug */ = {
			isa = XCBuildConfiguration;
			baseConfigurationReference = 18BA528538B1FAB48A7BF2AB /* Pods-project1STversion.debug.xcconfig */;
			buildSettings = {
				ASSETCATALOG_COMPILER_APPICON_NAME = AppIcon;
				CLANG_ENABLE_MODULES = YES;
				CODE_SIGN_STYLE = Automatic;
				DEVELOPMENT_TEAM = TMLKMYRNJX;
				INFOPLIST_FILE = project1STversion/Info.plist;
				IPHONEOS_DEPLOYMENT_TARGET = 12.1;
				LD_RUNPATH_SEARCH_PATHS = (
					"$(inherited)",
					"@executable_path/Frameworks",
				);
				PRODUCT_BUNDLE_IDENTIFIER = com.testehsan.project1STversion;
				PRODUCT_NAME = "$(TARGET_NAME)";
				SWIFT_OBJC_BRIDGING_HEADER = "project1STversion/View/project1STversion-Bridging-Header.h";
				SWIFT_OPTIMIZATION_LEVEL = "-Onone";
				SWIFT_VERSION = 4.2;
				TARGETED_DEVICE_FAMILY = "1,2";
			};
			name = Debug;
		};
		C431C7942200B3C5001AEDB8 /* Release */ = {
			isa = XCBuildConfiguration;
			baseConfigurationReference = A27ACE572E458444D79F5A2D /* Pods-project1STversion.release.xcconfig */;
			buildSettings = {
				ASSETCATALOG_COMPILER_APPICON_NAME = AppIcon;
				CLANG_ENABLE_MODULES = YES;
				CODE_SIGN_STYLE = Automatic;
				DEVELOPMENT_TEAM = TMLKMYRNJX;
				INFOPLIST_FILE = project1STversion/Info.plist;
				IPHONEOS_DEPLOYMENT_TARGET = 12.1;
				LD_RUNPATH_SEARCH_PATHS = (
					"$(inherited)",
					"@executable_path/Frameworks",
				);
				PRODUCT_BUNDLE_IDENTIFIER = com.testehsan.project1STversion;
				PRODUCT_NAME = "$(TARGET_NAME)";
				SWIFT_OBJC_BRIDGING_HEADER = "project1STversion/View/project1STversion-Bridging-Header.h";
				SWIFT_VERSION = 4.2;
				TARGETED_DEVICE_FAMILY = "1,2";
			};
			name = Release;
		};
/* End XCBuildConfiguration section */

/* Begin XCConfigurationList section */
		C431C77B2200B3C4001AEDB8 /* Build configuration list for PBXProject "project1STversion" */ = {
			isa = XCConfigurationList;
			buildConfigurations = (
				C431C7902200B3C5001AEDB8 /* Debug */,
				C431C7912200B3C5001AEDB8 /* Release */,
			);
			defaultConfigurationIsVisible = 0;
			defaultConfigurationName = Release;
		};
		C431C7922200B3C5001AEDB8 /* Build configuration list for PBXNativeTarget "project1STversion" */ = {
			isa = XCConfigurationList;
			buildConfigurations = (
				C431C7932200B3C5001AEDB8 /* Debug */,
				C431C7942200B3C5001AEDB8 /* Release */,
			);
			defaultConfigurationIsVisible = 0;
			defaultConfigurationName = Release;
		};
/* End XCConfigurationList section */
	};
	rootObject = C431C7782200B3C4001AEDB8 /* Project object */;
}
